
Microsoft Visual Studio Solution File, Format Version 12.00
# Visual Studio 2012
Project("{FAE04EC0-301F-11D3-BF4B-00C04F79EFBC}") = "CommonProcess", "CommonProcess\CommonProcess.csproj", "{991F3777-58AA-40D2-A5A6-C16E9F22A5F2}"
EndProject
Project("{FAE04EC0-301F-11D3-BF4B-00C04F79EFBC}") = "CommonProcess.Demo", "CommonProcess.Demo\CommonProcess.Demo.csproj", "{8437A0BA-7DC2-421B-A8D0-0DC09B71C349}"
EndProject
Global
	GlobalSection(SolutionConfigurationPlatforms) = preSolution
		Debug|Any CPU = Debug|Any CPU
		Release|Any CPU = Release|Any CPU
	EndGlobalSection
	GlobalSection(ProjectConfigurationPlatforms) = postSolution
		{991F3777-58AA-40D2-A5A6-C16E9F22A5F2}.Debug|Any CPU.ActiveCfg = Debug|Any CPU
		{991F3777-58AA-40D2-A5A6-C16E9F22A5F2}.Debug|Any CPU.Build.0 = Debug|Any CPU
		{991F3777-58AA-40D2-A5A6-C16E9F22A5F2}.Release|Any CPU.ActiveCfg = Release|Any CPU
		{991F3777-58AA-40D2-A5A6-C16E9F22A5F2}.Release|Any CPU.Build.0 = Release|Any CPU
		{8437A0BA-7DC2-421B-A8D0-0DC09B71C349}.Debug|Any CPU.ActiveCfg = Debug|Any CPU
		{8437A0BA-7DC2-421B-A8D0-0DC09B71C349}.Debug|Any CPU.Build.0 = Debug|Any CPU
		{8437A0BA-7DC2-421B-A8D0-0DC09B71C349}.Release|Any CPU.ActiveCfg = Release|Any CPU
		{8437A0BA-7DC2-421B-A8D0-0DC09B71C349}.Release|Any CPU.Build.0 = Release|Any CPU
	EndGlobalSection
	GlobalSection(SolutionProperties) = preSolution
		HideSolutionNode = FALSE
	EndGlobalSection
EndGlobal
